
Microsoft Visual Studio Solution File, Format Version 11.00
# Visual Studio 2010
Project("{2150E333-8FDC-42A3-9474-1A3956D46DE8}") = "Solution Items", "Solution Items", "{CA402FDA-FF87-4E5B-A440-E1B0C153C0F3}"
	ProjectSection(SolutionItems) = preProject
		AjKeyvs.vsmdi = AjKeyvs.vsmdi
		LocalTestRun.testrunconfig = LocalTestRun.testrunconfig
	EndProjectSection
EndProject
Project("{FAE04EC0-301F-11D3-BF4B-00C04F79EFBC}") = "AjKeyvs", "AjKeyvs\AjKeyvs.csproj", "{12A23F77-F9A4-4919-974E-30FEB8721166}"
EndProject
Project("{FAE04EC0-301F-11D3-BF4B-00C04F79EFBC}") = "AjKeyvs.Tests", "AjKeyvs.Tests\AjKeyvs.Tests.csproj", "{EB2E2082-8DB0-4662-A7A2-3B9365A45797}"
EndProject
Project("{FAE04EC0-301F-11D3-BF4B-00C04F79EFBC}") = "AjKeyvs.Server", "AjKeyvs.Server\AjKeyvs.Server.csproj", "{9E9AD9CA-8FDC-4E0D-8574-6DE5D6E3F16F}"
EndProject
Project("{FAE04EC0-301F-11D3-BF4B-00C04F79EFBC}") = "AjKeyvs.Server.Tests", "AjKeyvs.Server.Tests\AjKeyvs.Server.Tests.csproj", "{CE9C576F-9187-4F86-8EC1-E5631305CD6A}"
EndProject
Project("{FAE04EC0-301F-11D3-BF4B-00C04F79EFBC}") = "AjKeyvs.Client", "AjKeyvs.Client\AjKeyvs.Client.csproj", "{A3690C1F-32C1-4E73-A573-1027BD764EC0}"
EndProject
Global
	GlobalSection(TestCaseManagementSettings) = postSolution
		CategoryFile = AjKeyvs.vsmdi
	EndGlobalSection
	GlobalSection(SolutionConfigurationPlatforms) = preSolution
		Debug|Any CPU = Debug|Any CPU
		Release|Any CPU = Release|Any CPU
	EndGlobalSection
	GlobalSection(ProjectConfigurationPlatforms) = postSolution
		{12A23F77-F9A4-4919-974E-30FEB8721166}.Debug|Any CPU.ActiveCfg = Debug|Any CPU
		{12A23F77-F9A4-4919-974E-30FEB8721166}.Debug|Any CPU.Build.0 = Debug|Any CPU
		{12A23F77-F9A4-4919-974E-30FEB8721166}.Release|Any CPU.ActiveCfg = Release|Any CPU
		{12A23F77-F9A4-4919-974E-30FEB8721166}.Release|Any CPU.Build.0 = Release|Any CPU
		{EB2E2082-8DB0-4662-A7A2-3B9365A45797}.Debug|Any CPU.ActiveCfg = Debug|Any CPU
		{EB2E2082-8DB0-4662-A7A2-3B9365A45797}.Debug|Any CPU.Build.0 = Debug|Any CPU
		{EB2E2082-8DB0-4662-A7A2-3B9365A45797}.Release|Any CPU.ActiveCfg = Release|Any CPU
		{EB2E2082-8DB0-4662-A7A2-3B9365A45797}.Release|Any CPU.Build.0 = Release|Any CPU
		{9E9AD9CA-8FDC-4E0D-8574-6DE5D6E3F16F}.Debug|Any CPU.ActiveCfg = Debug|Any CPU
		{9E9AD9CA-8FDC-4E0D-8574-6DE5D6E3F16F}.Debug|Any CPU.Build.0 = Debug|Any CPU
		{9E9AD9CA-8FDC-4E0D-8574-6DE5D6E3F16F}.Release|Any CPU.ActiveCfg = Release|Any CPU
		{9E9AD9CA-8FDC-4E0D-8574-6DE5D6E3F16F}.Release|Any CPU.Build.0 = Release|Any CPU
		{CE9C576F-9187-4F86-8EC1-E5631305CD6A}.Debug|Any CPU.ActiveCfg = Debug|Any CPU
		{CE9C576F-9187-4F86-8EC1-E5631305CD6A}.Debug|Any CPU.Build.0 = Debug|Any CPU
		{CE9C576F-9187-4F86-8EC1-E5631305CD6A}.Release|Any CPU.ActiveCfg = Release|Any CPU
		{CE9C576F-9187-4F86-8EC1-E5631305CD6A}.Release|Any CPU.Build.0 = Release|Any CPU
		{A3690C1F-32C1-4E73-A573-1027BD764EC0}.Debug|Any CPU.ActiveCfg = Debug|Any CPU
		{A3690C1F-32C1-4E73-A573-1027BD764EC0}.Debug|Any CPU.Build.0 = Debug|Any CPU
		{A3690C1F-32C1-4E73-A573-1027BD764EC0}.Release|Any CPU.ActiveCfg = Release|Any CPU
		{A3690C1F-32C1-4E73-A573-1027BD764EC0}.Release|Any CPU.Build.0 = Release|Any CPU
	EndGlobalSection
	GlobalSection(SolutionProperties) = preSolution
		HideSolutionNode = FALSE
	EndGlobalSection
EndGlobal
